
Microsoft Visual Studio Solution File, Format Version 12.00
# Visual Studio Version 17
VisualStudioVersion = 17.1.32328.378
MinimumVisualStudioVersion = 10.0.40219.1
Project("{FAE04EC0-301F-11D3-BF4B-00C04F79EFBC}") = "Task_exam_3", "Task_exam_3\Task_exam_3.csproj", "{1964FF07-9919-4CE1-97EB-712C21BBAD4E}"
EndProject
Global
	GlobalSection(SolutionConfigurationPlatforms) = preSolution
		Debug|Any CPU = Debug|Any CPU
		Release|Any CPU = Release|Any CPU
	EndGlobalSection
	GlobalSection(ProjectConfigurationPlatforms) = postSolution
		{1964FF07-9919-4CE1-97EB-712C21BBAD4E}.Debug|Any CPU.ActiveCfg = Debug|Any CPU
		{1964FF07-9919-4CE1-97EB-712C21BBAD4E}.Debug|Any CPU.Build.0 = Debug|Any CPU
		{1964FF07-9919-4CE1-97EB-712C21BBAD4E}.Release|Any CPU.ActiveCfg = Release|Any CPU
		{1964FF07-9919-4CE1-97EB-712C21BBAD4E}.Release|Any CPU.Build.0 = Release|Any CPU
	EndGlobalSection
	GlobalSection(SolutionProperties) = preSolution
		HideSolutionNode = FALSE
	EndGlobalSection
	GlobalSection(ExtensibilityGlobals) = postSolution
		SolutionGuid = {4E332E5F-CC5C-49C8-B613-A0545DFE21FC}
	EndGlobalSection
EndGlobal
